
Microsoft Visual Studio Solution File, Format Version 12.00
# Visual Studio Version 16
VisualStudioVersion = 16.0.30225.117
MinimumVisualStudioVersion = 10.0.40219.1
Project("{FAE04EC0-301F-11D3-BF4B-00C04F79EFBC}") = "ConsoleUI", "ConsoleUI\ConsoleUI.csproj", "{922800C2-5656-438B-92F0-8EB7CAD627FF}"
EndProject
Project("{FAE04EC0-301F-11D3-BF4B-00C04F79EFBC}") = "CoordinateFormatter", "CoordinateFormatter\CoordinateFormatter.csproj", "{216BCE50-968A-4F57-B827-DD8BF8F532BA}"
EndProject
Project("{FAE04EC0-301F-11D3-BF4B-00C04F79EFBC}") = "CoordinateFormatter.Test", "CoordinateFormatter.Test\CoordinateFormatter.Test.csproj", "{0C57037D-44B9-4467-9608-056995B41E49}"
EndProject
Global
	GlobalSection(SolutionConfigurationPlatforms) = preSolution
		Debug|Any CPU = Debug|Any CPU
		Release|Any CPU = Release|Any CPU
	EndGlobalSection
	GlobalSection(ProjectConfigurationPlatforms) = postSolution
		{922800C2-5656-438B-92F0-8EB7CAD627FF}.Debug|Any CPU.ActiveCfg = Debug|Any CPU
		{922800C2-5656-438B-92F0-8EB7CAD627FF}.Debug|Any CPU.Build.0 = Debug|Any CPU
		{922800C2-5656-438B-92F0-8EB7CAD627FF}.Release|Any CPU.ActiveCfg = Release|Any CPU
		{922800C2-5656-438B-92F0-8EB7CAD627FF}.Release|Any CPU.Build.0 = Release|Any CPU
		{216BCE50-968A-4F57-B827-DD8BF8F532BA}.Debug|Any CPU.ActiveCfg = Debug|Any CPU
		{216BCE50-968A-4F57-B827-DD8BF8F532BA}.Debug|Any CPU.Build.0 = Debug|Any CPU
		{216BCE50-968A-4F57-B827-DD8BF8F532BA}.Release|Any CPU.ActiveCfg = Release|Any CPU
		{216BCE50-968A-4F57-B827-DD8BF8F532BA}.Release|Any CPU.Build.0 = Release|Any CPU
		{0C57037D-44B9-4467-9608-056995B41E49}.Debug|Any CPU.ActiveCfg = Debug|Any CPU
		{0C57037D-44B9-4467-9608-056995B41E49}.Debug|Any CPU.Build.0 = Debug|Any CPU
		{0C57037D-44B9-4467-9608-056995B41E49}.Release|Any CPU.ActiveCfg = Release|Any CPU
		{0C57037D-44B9-4467-9608-056995B41E49}.Release|Any CPU.Build.0 = Release|Any CPU
	EndGlobalSection
	GlobalSection(SolutionProperties) = preSolution
		HideSolutionNode = FALSE
	EndGlobalSection
	GlobalSection(ExtensibilityGlobals) = postSolution
		SolutionGuid = {22DAEDCC-CEA0-4A90-9934-D189DF491794}
	EndGlobalSection
EndGlobal
