
Microsoft Visual Studio Solution File, Format Version 12.00
# Visual Studio Version 16
VisualStudioVersion = 16.0.30225.117
MinimumVisualStudioVersion = 10.0.40219.1
Project("{FAE04EC0-301F-11D3-BF4B-00C04F79EFBC}") = "IntToBinary.UI", "IntToBinary.UI\IntToBinary.UI.csproj", "{7FDDFB8B-6934-4D15-8D0E-38C9B6975CDA}"
EndProject
Project("{FAE04EC0-301F-11D3-BF4B-00C04F79EFBC}") = "IntToBinary.Converter", "IntToBinary.Converter\IntToBinary.Converter.csproj", "{C5CABE67-D603-47AF-AE62-382D0830A88E}"
EndProject
Project("{FAE04EC0-301F-11D3-BF4B-00C04F79EFBC}") = "IntToBinaryConverter.Test", "IntToBinaryConverter.Test\IntToBinaryConverter.Test.csproj", "{C7439D59-B897-44D2-8D13-7A27EC64BCA4}"
EndProject
Global
	GlobalSection(SolutionConfigurationPlatforms) = preSolution
		Debug|Any CPU = Debug|Any CPU
		Release|Any CPU = Release|Any CPU
	EndGlobalSection
	GlobalSection(ProjectConfigurationPlatforms) = postSolution
		{7FDDFB8B-6934-4D15-8D0E-38C9B6975CDA}.Debug|Any CPU.ActiveCfg = Debug|Any CPU
		{7FDDFB8B-6934-4D15-8D0E-38C9B6975CDA}.Debug|Any CPU.Build.0 = Debug|Any CPU
		{7FDDFB8B-6934-4D15-8D0E-38C9B6975CDA}.Release|Any CPU.ActiveCfg = Release|Any CPU
		{7FDDFB8B-6934-4D15-8D0E-38C9B6975CDA}.Release|Any CPU.Build.0 = Release|Any CPU
		{C5CABE67-D603-47AF-AE62-382D0830A88E}.Debug|Any CPU.ActiveCfg = Debug|Any CPU
		{C5CABE67-D603-47AF-AE62-382D0830A88E}.Debug|Any CPU.Build.0 = Debug|Any CPU
		{C5CABE67-D603-47AF-AE62-382D0830A88E}.Release|Any CPU.ActiveCfg = Release|Any CPU
		{C5CABE67-D603-47AF-AE62-382D0830A88E}.Release|Any CPU.Build.0 = Release|Any CPU
		{C7439D59-B897-44D2-8D13-7A27EC64BCA4}.Debug|Any CPU.ActiveCfg = Debug|Any CPU
		{C7439D59-B897-44D2-8D13-7A27EC64BCA4}.Debug|Any CPU.Build.0 = Debug|Any CPU
		{C7439D59-B897-44D2-8D13-7A27EC64BCA4}.Release|Any CPU.ActiveCfg = Release|Any CPU
		{C7439D59-B897-44D2-8D13-7A27EC64BCA4}.Release|Any CPU.Build.0 = Release|Any CPU
	EndGlobalSection
	GlobalSection(SolutionProperties) = preSolution
		HideSolutionNode = FALSE
	EndGlobalSection
	GlobalSection(ExtensibilityGlobals) = postSolution
		SolutionGuid = {BB2E543F-1329-4C08-83E4-9D9CCA5216F1}
	EndGlobalSection
EndGlobal
