
Microsoft Visual Studio Solution File, Format Version 12.00
# Visual Studio Version 16
VisualStudioVersion = 16.0.30225.117
MinimumVisualStudioVersion = 10.0.40219.1
Project("{FAE04EC0-301F-11D3-BF4B-00C04F79EFBC}") = "NRoot.ConsoleUI", "NRoot.ConsoleUI\NRoot.ConsoleUI.csproj", "{AB8F0AAF-DED9-418E-95F0-DF0F5BFECF6D}"
EndProject
Global
	GlobalSection(SolutionConfigurationPlatforms) = preSolution
		Debug|Any CPU = Debug|Any CPU
		Release|Any CPU = Release|Any CPU
	EndGlobalSection
	GlobalSection(ProjectConfigurationPlatforms) = postSolution
		{AB8F0AAF-DED9-418E-95F0-DF0F5BFECF6D}.Debug|Any CPU.ActiveCfg = Debug|Any CPU
		{AB8F0AAF-DED9-418E-95F0-DF0F5BFECF6D}.Debug|Any CPU.Build.0 = Debug|Any CPU
		{AB8F0AAF-DED9-418E-95F0-DF0F5BFECF6D}.Release|Any CPU.ActiveCfg = Release|Any CPU
		{AB8F0AAF-DED9-418E-95F0-DF0F5BFECF6D}.Release|Any CPU.Build.0 = Release|Any CPU
	EndGlobalSection
	GlobalSection(SolutionProperties) = preSolution
		HideSolutionNode = FALSE
	EndGlobalSection
	GlobalSection(ExtensibilityGlobals) = postSolution
		SolutionGuid = {F62C52B4-5300-4576-8C53-86170243D9E1}
	EndGlobalSection
EndGlobal
