
Microsoft Visual Studio Solution File, Format Version 12.00
# Visual Studio Version 16
VisualStudioVersion = 16.0.30225.117
MinimumVisualStudioVersion = 10.0.40219.1
Project("{FAE04EC0-301F-11D3-BF4B-00C04F79EFBC}") = "NRoot.ConsoleUI", "NRoot.ConsoleUI\NRoot.ConsoleUI.csproj", "{AB8F0AAF-DED9-418E-95F0-DF0F5BFECF6D}"
EndProject
Project("{FAE04EC0-301F-11D3-BF4B-00C04F79EFBC}") = "NRoot.Calculation", "NRoot.Calculation\NRoot.Calculation.csproj", "{69D2336D-7A2B-4162-A9AD-2DFAFB49060C}"
EndProject
Project("{FAE04EC0-301F-11D3-BF4B-00C04F79EFBC}") = "NRoot.Calculation.Test", "NRoot.Calculation.Test\NRoot.Calculation.Test.csproj", "{B36D36A7-7F46-4FF3-97E7-DA6FAE45580A}"
EndProject
Global
	GlobalSection(SolutionConfigurationPlatforms) = preSolution
		Debug|Any CPU = Debug|Any CPU
		Release|Any CPU = Release|Any CPU
	EndGlobalSection
	GlobalSection(ProjectConfigurationPlatforms) = postSolution
		{AB8F0AAF-DED9-418E-95F0-DF0F5BFECF6D}.Debug|Any CPU.ActiveCfg = Debug|Any CPU
		{AB8F0AAF-DED9-418E-95F0-DF0F5BFECF6D}.Debug|Any CPU.Build.0 = Debug|Any CPU
		{AB8F0AAF-DED9-418E-95F0-DF0F5BFECF6D}.Release|Any CPU.ActiveCfg = Release|Any CPU
		{AB8F0AAF-DED9-418E-95F0-DF0F5BFECF6D}.Release|Any CPU.Build.0 = Release|Any CPU
		{69D2336D-7A2B-4162-A9AD-2DFAFB49060C}.Debug|Any CPU.ActiveCfg = Debug|Any CPU
		{69D2336D-7A2B-4162-A9AD-2DFAFB49060C}.Debug|Any CPU.Build.0 = Debug|Any CPU
		{69D2336D-7A2B-4162-A9AD-2DFAFB49060C}.Release|Any CPU.ActiveCfg = Release|Any CPU
		{69D2336D-7A2B-4162-A9AD-2DFAFB49060C}.Release|Any CPU.Build.0 = Release|Any CPU
		{B36D36A7-7F46-4FF3-97E7-DA6FAE45580A}.Debug|Any CPU.ActiveCfg = Debug|Any CPU
		{B36D36A7-7F46-4FF3-97E7-DA6FAE45580A}.Debug|Any CPU.Build.0 = Debug|Any CPU
		{B36D36A7-7F46-4FF3-97E7-DA6FAE45580A}.Release|Any CPU.ActiveCfg = Release|Any CPU
		{B36D36A7-7F46-4FF3-97E7-DA6FAE45580A}.Release|Any CPU.Build.0 = Release|Any CPU
	EndGlobalSection
	GlobalSection(SolutionProperties) = preSolution
		HideSolutionNode = FALSE
	EndGlobalSection
	GlobalSection(ExtensibilityGlobals) = postSolution
		SolutionGuid = {F62C52B4-5300-4576-8C53-86170243D9E1}
	EndGlobalSection
EndGlobal
